
Microsoft Visual Studio Solution File, Format Version 12.00
# Visual Studio Version 17
VisualStudioVersion = 17.9.34714.143
MinimumVisualStudioVersion = 10.0.40219.1
Project("{FAE04EC0-301F-11D3-BF4B-00C04F79EFBC}") = "lab6", "lab6.csproj", "{13C365F9-97B3-4F3F-AAE0-7BDC2C9F3C22}"
EndProject
Global
	GlobalSection(SolutionConfigurationPlatforms) = preSolution
		Debug|Any CPU = Debug|Any CPU
		Release|Any CPU = Release|Any CPU
	EndGlobalSection
	GlobalSection(ProjectConfigurationPlatforms) = postSolution
		{13C365F9-97B3-4F3F-AAE0-7BDC2C9F3C22}.Debug|Any CPU.ActiveCfg = Debug|Any CPU
		{13C365F9-97B3-4F3F-AAE0-7BDC2C9F3C22}.Debug|Any CPU.Build.0 = Debug|Any CPU
		{13C365F9-97B3-4F3F-AAE0-7BDC2C9F3C22}.Release|Any CPU.ActiveCfg = Release|Any CPU
		{13C365F9-97B3-4F3F-AAE0-7BDC2C9F3C22}.Release|Any CPU.Build.0 = Release|Any CPU
	EndGlobalSection
	GlobalSection(SolutionProperties) = preSolution
		HideSolutionNode = FALSE
	EndGlobalSection
	GlobalSection(ExtensibilityGlobals) = postSolution
		SolutionGuid = {F8FBD734-E47D-42DA-AEA3-91E0E3332271}
	EndGlobalSection
EndGlobal
